
Microsoft Visual Studio Solution File, Format Version 12.00
# Visual Studio Version 17
VisualStudioVersion = 17.2.32630.192
MinimumVisualStudioVersion = 10.0.40219.1
Project("{FAE04EC0-301F-11D3-BF4B-00C04F79EFBC}") = "Delegate1", "Delegate1\Delegate1.csproj", "{0D5BFE94-1C72-41EA-9D99-B3C1A34D71D2}"
EndProject
Global
	GlobalSection(SolutionConfigurationPlatforms) = preSolution
		Debug|Any CPU = Debug|Any CPU
		Release|Any CPU = Release|Any CPU
	EndGlobalSection
	GlobalSection(ProjectConfigurationPlatforms) = postSolution
		{0D5BFE94-1C72-41EA-9D99-B3C1A34D71D2}.Debug|Any CPU.ActiveCfg = Debug|Any CPU
		{0D5BFE94-1C72-41EA-9D99-B3C1A34D71D2}.Debug|Any CPU.Build.0 = Debug|Any CPU
		{0D5BFE94-1C72-41EA-9D99-B3C1A34D71D2}.Release|Any CPU.ActiveCfg = Release|Any CPU
		{0D5BFE94-1C72-41EA-9D99-B3C1A34D71D2}.Release|Any CPU.Build.0 = Release|Any CPU
	EndGlobalSection
	GlobalSection(SolutionProperties) = preSolution
		HideSolutionNode = FALSE
	EndGlobalSection
	GlobalSection(ExtensibilityGlobals) = postSolution
		SolutionGuid = {CFC6DD0B-CBE9-4BEF-BDEF-456094730023}
	EndGlobalSection
EndGlobal
